
Microsoft Visual Studio Solution File, Format Version 12.00
# Visual Studio Version 17
VisualStudioVersion = 17.5.33516.290
MinimumVisualStudioVersion = 10.0.40219.1
Project("{9A19103F-16F7-4668-BE54-9A1E7A4F7556}") = "_build", "build\_build.csproj", "{F896589E-962B-4D13-8111-CCB4006FE56B}"
EndProject
Project("{9A19103F-16F7-4668-BE54-9A1E7A4F7556}") = "Zafiro.FileSystem", "src\Zafiro.FileSystem\Zafiro.FileSystem.csproj", "{5CA2DF80-0689-4AEF-A9C0-5FE659BC481B}"
EndProject
Project("{9A19103F-16F7-4668-BE54-9A1E7A4F7556}") = "Zafiro.FileSystem.Local", "src\Zafiro.FileSystem.Local\Zafiro.FileSystem.Local.csproj", "{35962223-9C2A-4F74-BF93-620AF54AC39D}"
EndProject
Project("{FAE04EC0-301F-11D3-BF4B-00C04F79EFBC}") = "Zafiro.FileSystem.Local.Tests", "test\Zafiro.FileSystem.Local.Tests\Zafiro.FileSystem.Local.Tests.csproj", "{BBD69C32-E103-4D99-9865-86D4F838D99B}"
EndProject
Global
	GlobalSection(SolutionConfigurationPlatforms) = preSolution
		Debug|Any CPU = Debug|Any CPU
		Release|Any CPU = Release|Any CPU
	EndGlobalSection
	GlobalSection(ProjectConfigurationPlatforms) = postSolution
		{F896589E-962B-4D13-8111-CCB4006FE56B}.Debug|Any CPU.ActiveCfg = Debug|Any CPU
		{F896589E-962B-4D13-8111-CCB4006FE56B}.Release|Any CPU.ActiveCfg = Release|Any CPU
		{5CA2DF80-0689-4AEF-A9C0-5FE659BC481B}.Debug|Any CPU.ActiveCfg = Debug|Any CPU
		{5CA2DF80-0689-4AEF-A9C0-5FE659BC481B}.Debug|Any CPU.Build.0 = Debug|Any CPU
		{5CA2DF80-0689-4AEF-A9C0-5FE659BC481B}.Release|Any CPU.ActiveCfg = Release|Any CPU
		{5CA2DF80-0689-4AEF-A9C0-5FE659BC481B}.Release|Any CPU.Build.0 = Release|Any CPU
		{35962223-9C2A-4F74-BF93-620AF54AC39D}.Debug|Any CPU.ActiveCfg = Debug|Any CPU
		{35962223-9C2A-4F74-BF93-620AF54AC39D}.Debug|Any CPU.Build.0 = Debug|Any CPU
		{35962223-9C2A-4F74-BF93-620AF54AC39D}.Release|Any CPU.ActiveCfg = Release|Any CPU
		{35962223-9C2A-4F74-BF93-620AF54AC39D}.Release|Any CPU.Build.0 = Release|Any CPU
		{BBD69C32-E103-4D99-9865-86D4F838D99B}.Debug|Any CPU.ActiveCfg = Debug|Any CPU
		{BBD69C32-E103-4D99-9865-86D4F838D99B}.Debug|Any CPU.Build.0 = Debug|Any CPU
		{BBD69C32-E103-4D99-9865-86D4F838D99B}.Release|Any CPU.ActiveCfg = Release|Any CPU
		{BBD69C32-E103-4D99-9865-86D4F838D99B}.Release|Any CPU.Build.0 = Release|Any CPU
	EndGlobalSection
	GlobalSection(SolutionProperties) = preSolution
		HideSolutionNode = FALSE
	EndGlobalSection
	GlobalSection(ExtensibilityGlobals) = postSolution
		SolutionGuid = {6309FF7A-E6E5-485B-BAE6-70DD0E37B3BA}
	EndGlobalSection
EndGlobal
